lockfileVersion: 5.4

specifiers:
  '@types/react': ^18.0.28
  '@types/react-dom': ^18.0.11
  '@vitejs/plugin-react-swc': ^3.2.0
  react: ^18.2.0
  react-dom: ^18.2.0
  typescript: ^4.9.5
  vite: link:..\node_modules\vite
  vite-plugin-inspect: ^0.7.17
  vite-plugin-react-svgs: link:..

dependencies:
  react: registry.npmmirror.com/react/18.2.0
  react-dom: registry.npmmirror.com/react-dom/18.2.0_react@18.2.0

devDependencies:
  '@types/react': registry.npmmirror.com/@types/react/18.0.28
  '@types/react-dom': registry.npmmirror.com/@types/react-dom/18.0.11
  '@vitejs/plugin-react-swc': registry.npmmirror.com/@vitejs/plugin-react-swc/3.2.0_vite@node_modules+vite
  typescript: registry.npmmirror.com/typescript/4.9.5
  vite: link:../node_modules/vite
  vite-plugin-inspect: registry.npmmirror.com/vite-plugin-inspect/0.7.17_vite@node_modules+vite
  vite-plugin-react-svgs: link:..

packages:

  registry.npmmirror.com/@antfu/utils/0.7.2:
    resolution: {integrity: sha512-vy9fM3pIxZmX07dL+VX1aZe7ynZ+YyB0jY+jE6r3hOK6GNY2t6W8rzpFC4tgpbXUYABkFQwgJq2XYXlxbXAI0g==, registry: https://registry.npm.taobao.org/, tarball: https://registry.npmmirror.com/@antfu/utils/-/utils-0.7.2.tgz}
    name: '@antfu/utils'
    version: 0.7.2
    dev: true

  registry.npmmirror.com/@polka/url/1.0.0-next.21:
    resolution: {integrity: sha512-a5Sab1C4/icpTZVzZc5Ghpz88yQtGOyNqYXcZgOssB2uuAr+wF/MvN6bgtW32q7HHrvBki+BsZ0OuNv6EV3K9g==, registry: https://registry.npm.taobao.org/, tarball: https://registry.npmmirror.com/@polka/url/-/url-1.0.0-next.21.tgz}
    name: '@polka/url'
    version: 1.0.0-next.21
    dev: true

  registry.npmmirror.com/@rollup/pluginutils/5.0.2:
    resolution: {integrity: sha512-pTd9rIsP92h+B6wWwFbW8RkZv4hiR/xKsqre4SIuAOaOEQRxi0lqLke9k2/7WegC85GgUs9pjmOjCUi3In4vwA==, registry: https://registry.npm.taobao.org/, tarball: https://registry.npmmirror.com/@rollup/pluginutils/-/pluginutils-5.0.2.tgz}
    name: '@rollup/pluginutils'
    version: 5.0.2
    engines: {node: '>=14.0.0'}
    peerDependencies:
      rollup: ^1.20.0||^2.0.0||^3.0.0
    peerDependenciesMeta:
      rollup:
        optional: true
    dependencies:
      '@types/estree': registry.npmmirror.com/@types/estree/1.0.0
      estree-walker: registry.npmmirror.com/estree-walker/2.0.2
      picomatch: registry.npmmirror.com/picomatch/2.3.1
    dev: true

  registry.npmmirror.com/@swc/core-darwin-arm64/1.3.41:
    resolution: {integrity: sha512-D4fybODToO/BvuP35bionDUrSuTVVr8eW+mApr1unOqb3mfiqOrVv0VP2fpWNRYiA+xMq+oBCB6KcGpL60HKWQ==, registry: https://registry.npm.taobao.org/, tarball: https://registry.npmmirror.com/@swc/core-darwin-arm64/-/core-darwin-arm64-1.3.41.tgz}
    name: '@swc/core-darwin-arm64'
    version: 1.3.41
    engines: {node: '>=10'}
    cpu: [arm64]
    os: [darwin]
    requiresBuild: true
    dev: true
    optional: true

  registry.npmmirror.com/@swc/core-darwin-x64/1.3.41:
    resolution: {integrity: sha512-0RoVyiPCnylf3TG77C3S86PRSmaq+SaYB4VDLJFz3qcEHz1pfP0LhyskhgX4wjQV1mveDzFEn1BVAuo0eOMwZA==, registry: https://registry.npm.taobao.org/, tarball: https://registry.npmmirror.com/@swc/core-darwin-x64/-/core-darwin-x64-1.3.41.tgz}
    name: '@swc/core-darwin-x64'
    version: 1.3.41
    engines: {node: '>=10'}
    cpu: [x64]
    os: [darwin]
    requiresBuild: true
    dev: true
    optional: true

  registry.npmmirror.com/@swc/core-linux-arm-gnueabihf/1.3.41:
    resolution: {integrity: sha512-mZW7GeY7Uw1nkKoWpx898ou20oCSt8MR+jAVuAhMjX+G4Zr0WWXYSigWNiRymhR6Q9KhyvoFpMckguSvYWmXsw==, registry: https://registry.npm.taobao.org/, tarball: https://registry.npmmirror.com/@swc/core-linux-arm-gnueabihf/-/core-linux-arm-gnueabihf-1.3.41.tgz}
    name: '@swc/core-linux-arm-gnueabihf'
    version: 1.3.41
    engines: {node: '>=10'}
    cpu: [arm]
    os: [linux]
    requiresBuild: true
    dev: true
    optional: true

  registry.npmmirror.com/@swc/core-linux-arm64-gnu/1.3.41:
    resolution: {integrity: sha512-e91LGn+6KuLFw3sWk5swwGc/dP4tXs0mg3HrhjImRoofU02Bb9aHcj5zgrSO8ZByvDtm/Knn16h1ojxIMOFaxg==, registry: https://registry.npm.taobao.org/, tarball: https://registry.npmmirror.com/@swc/core-linux-arm64-gnu/-/core-linux-arm64-gnu-1.3.41.tgz}
    name: '@swc/core-linux-arm64-gnu'
    version: 1.3.41
    engines: {node: '>=10'}
    cpu: [arm64]
    os: [linux]
    libc: [glibc]
    requiresBuild: true
    dev: true
    optional: true

  registry.npmmirror.com/@swc/core-linux-arm64-musl/1.3.41:
    resolution: {integrity: sha512-Q7hmrniLWsQ7zjtImGcjx1tl5/Qxpel+fC+OXTnGvAyyoGssSftIBlXMnqVLteL78zhxIPAzi+gizWAe5RGqrA==, registry: https://registry.npm.taobao.org/, tarball: https://registry.npmmirror.com/@swc/core-linux-arm64-musl/-/core-linux-arm64-musl-1.3.41.tgz}
    name: '@swc/core-linux-arm64-musl'
    version: 1.3.41
    engines: {node: '>=10'}
    cpu: [arm64]
    os: [linux]
    libc: [musl]
    requiresBuild: true
    dev: true
    optional: true

  registry.npmmirror.com/@swc/core-linux-x64-gnu/1.3.41:
    resolution: {integrity: sha512-h4sv1sCfZQgRIwmykz8WPqVpbvHb13Qm3SsrbOudhAp2MuzpWzsgMP5hAEpdCP/nWreiCz3aoM6L8JeakRDq0g==, registry: https://registry.npm.taobao.org/, tarball: https://registry.npmmirror.com/@swc/core-linux-x64-gnu/-/core-linux-x64-gnu-1.3.41.tgz}
    name: '@swc/core-linux-x64-gnu'
    version: 1.3.41
    engines: {node: '>=10'}
    cpu: [x64]
    os: [linux]
    libc: [glibc]
    requiresBuild: true
    dev: true
    optional: true

  registry.npmmirror.com/@swc/core-linux-x64-musl/1.3.41:
    resolution: {integrity: sha512-Z7c26i38378d0NT/dcz8qPSAXm41lqhNzykdhKhI+95mA9m4pskP18T/0I45rmyx1ywifypu+Ip+SXmKeVSPgQ==, registry: https://registry.npm.taobao.org/, tarball: https://registry.npmmirror.com/@swc/core-linux-x64-musl/-/core-linux-x64-musl-1.3.41.tgz}
    name: '@swc/core-linux-x64-musl'
    version: 1.3.41
    engines: {node: '>=10'}
    cpu: [x64]
    os: [linux]
    libc: [musl]
    requiresBuild: true
    dev: true
    optional: true

  registry.npmmirror.com/@swc/core-win32-arm64-msvc/1.3.41:
    resolution: {integrity: sha512-I0CYnPc+ZGc912YeN0TykIOf/Q7yJQHRwDuhewwD6RkbiSEaVfSux5pAmmdoKw2aGMSq+cwLmgPe9HYLRNz+4w==, registry: https://registry.npm.taobao.org/, tarball: https://registry.npmmirror.com/@swc/core-win32-arm64-msvc/-/core-win32-arm64-msvc-1.3.41.tgz}
    name: '@swc/core-win32-arm64-msvc'
    version: 1.3.41
    engines: {node: '>=10'}
    cpu: [arm64]
    os: [win32]
    requiresBuild: true
    dev: true
    optional: true

  registry.npmmirror.com/@swc/core-win32-ia32-msvc/1.3.41:
    resolution: {integrity: sha512-EygN4CVDWF29/U2T5fXGfWyLvRbMd2hiUgkciAl7zHuyJ6nKl+kpodqV2A0Wd4sFtSNedU0gQEBEXEe7cqvmsA==, registry: https://registry.npm.taobao.org/, tarball: https://registry.npmmirror.com/@swc/core-win32-ia32-msvc/-/core-win32-ia32-msvc-1.3.41.tgz}
    name: '@swc/core-win32-ia32-msvc'
    version: 1.3.41
    engines: {node: '>=10'}
    cpu: [ia32]
    os: [win32]
    requiresBuild: true
    dev: true
    optional: true

  registry.npmmirror.com/@swc/core-win32-x64-msvc/1.3.41:
    resolution: {integrity: sha512-Mfp8qD1hNwWWRy0ISdwQJu1g0UYoVTtuQlO0z3aGbXqL51ew9e56+8j3M1U9i95lXFyWkARgjDCcKkQi+WezyA==, registry: https://registry.npm.taobao.org/, tarball: https://registry.npmmirror.com/@swc/core-win32-x64-msvc/-/core-win32-x64-msvc-1.3.41.tgz}
    name: '@swc/core-win32-x64-msvc'
    version: 1.3.41
    engines: {node: '>=10'}
    cpu: [x64]
    os: [win32]
    requiresBuild: true
    dev: true
    optional: true

  registry.npmmirror.com/@swc/core/1.3.41:
    resolution: {integrity: sha512-v6P2dfqJDpZ/7RXPvWge9oI6YgolDM0jtNhQZ2qdXrLBzaWQdDoBGBTJ8KN/nTgGhX3IkNvSB1fafXQ+nVnqAQ==, registry: https://registry.npm.taobao.org/, tarball: https://registry.npmmirror.com/@swc/core/-/core-1.3.41.tgz}
    name: '@swc/core'
    version: 1.3.41
    engines: {node: '>=10'}
    requiresBuild: true
    optionalDependencies:
      '@swc/core-darwin-arm64': registry.npmmirror.com/@swc/core-darwin-arm64/1.3.41
      '@swc/core-darwin-x64': registry.npmmirror.com/@swc/core-darwin-x64/1.3.41
      '@swc/core-linux-arm-gnueabihf': registry.npmmirror.com/@swc/core-linux-arm-gnueabihf/1.3.41
      '@swc/core-linux-arm64-gnu': registry.npmmirror.com/@swc/core-linux-arm64-gnu/1.3.41
      '@swc/core-linux-arm64-musl': registry.npmmirror.com/@swc/core-linux-arm64-musl/1.3.41
      '@swc/core-linux-x64-gnu': registry.npmmirror.com/@swc/core-linux-x64-gnu/1.3.41
      '@swc/core-linux-x64-musl': registry.npmmirror.com/@swc/core-linux-x64-musl/1.3.41
      '@swc/core-win32-arm64-msvc': registry.npmmirror.com/@swc/core-win32-arm64-msvc/1.3.41
      '@swc/core-win32-ia32-msvc': registry.npmmirror.com/@swc/core-win32-ia32-msvc/1.3.41
      '@swc/core-win32-x64-msvc': registry.npmmirror.com/@swc/core-win32-x64-msvc/1.3.41
    dev: true

  registry.npmmirror.com/@types/estree/1.0.0:
    resolution: {integrity: sha512-WulqXMDUTYAXCjZnk6JtIHPigp55cVtDgDrO2gHRwhyJto21+1zbVCtOYB2L1F9w4qCQ0rOGWBnBe0FNTiEJIQ==, registry: https://registry.npm.taobao.org/, tarball: https://registry.npmmirror.com/@types/estree/-/estree-1.0.0.tgz}
    name: '@types/estree'
    version: 1.0.0
    dev: true

  registry.npmmirror.com/@types/prop-types/15.7.5:
    resolution: {integrity: sha512-JCB8C6SnDoQf0cNycqd/35A7MjcnK+ZTqE7judS6o7utxUCg6imJg3QK2qzHKszlTjcj2cn+NwMB2i96ubpj7w==, registry: https://registry.npm.taobao.org/, tarball: https://registry.npmmirror.com/@types/prop-types/-/prop-types-15.7.5.tgz}
    name: '@types/prop-types'
    version: 15.7.5
    dev: true

  registry.npmmirror.com/@types/react-dom/18.0.11:
    resolution: {integrity: sha512-O38bPbI2CWtgw/OoQoY+BRelw7uysmXbWvw3nLWO21H1HSh+GOlqPuXshJfjmpNlKiiSDG9cc1JZAaMmVdcTlw==, registry: https://registry.npm.taobao.org/, tarball: https://registry.npmmirror.com/@types/react-dom/-/react-dom-18.0.11.tgz}
    name: '@types/react-dom'
    version: 18.0.11
    dependencies:
      '@types/react': registry.npmmirror.com/@types/react/18.0.28
    dev: true

  registry.npmmirror.com/@types/react/18.0.28:
    resolution: {integrity: sha512-RD0ivG1kEztNBdoAK7lekI9M+azSnitIn85h4iOiaLjaTrMjzslhaqCGaI4IyCJ1RljWiLCEu4jyrLLgqxBTew==, registry: https://registry.npm.taobao.org/, tarball: https://registry.npmmirror.com/@types/react/-/react-18.0.28.tgz}
    name: '@types/react'
    version: 18.0.28
    dependencies:
      '@types/prop-types': registry.npmmirror.com/@types/prop-types/15.7.5
      '@types/scheduler': registry.npmmirror.com/@types/scheduler/0.16.2
      csstype: registry.npmmirror.com/csstype/3.1.1
    dev: true

  registry.npmmirror.com/@types/scheduler/0.16.2:
    resolution: {integrity: sha512-hppQEBDmlwhFAXKJX2KnWLYu5yMfi91yazPb2l+lbJiwW+wdo1gNeRA+3RgNSO39WYX2euey41KEwnqesU2Jew==, registry: https://registry.npm.taobao.org/, tarball: https://registry.npmmirror.com/@types/scheduler/-/scheduler-0.16.2.tgz}
    name: '@types/scheduler'
    version: 0.16.2
    dev: true

  registry.npmmirror.com/@vitejs/plugin-react-swc/3.2.0_vite@node_modules+vite:
    resolution: {integrity: sha512-IcBoXL/mcH7JdQr/nfDlDwTdIaH8Rg7LpfQDF4nAht+juHWIuv6WhpKPCSfY4+zztAaB07qdBoFz1XCZsgo3pQ==, registry: https://registry.npm.taobao.org/, tarball: https://registry.npmmirror.com/@vitejs/plugin-react-swc/-/plugin-react-swc-3.2.0.tgz}
    id: registry.npmmirror.com/@vitejs/plugin-react-swc/3.2.0
    name: '@vitejs/plugin-react-swc'
    version: 3.2.0
    peerDependencies:
      vite: ^4
    dependencies:
      '@swc/core': registry.npmmirror.com/@swc/core/1.3.41
      vite: link:../node_modules/vite
    dev: true

  registry.npmmirror.com/csstype/3.1.1:
    resolution: {integrity: sha512-DJR/VvkAvSZW9bTouZue2sSxDwdTN92uHjqeKVm+0dAqdfNykRzQ95tay8aXMBAAPpUiq4Qcug2L7neoRh2Egw==, registry: https://registry.npm.taobao.org/, tarball: https://registry.npmmirror.com/csstype/-/csstype-3.1.1.tgz}
    name: csstype
    version: 3.1.1
    dev: true

  registry.npmmirror.com/debug/4.3.4:
    resolution: {integrity: sha512-PRWFHuSU3eDtQJPvnNY7Jcket1j0t5OuOsFzPPzsekD52Zl8qUfFIPEiswXqIvHWGVHOgX+7G/vCNNhehwxfkQ==, registry: https://registry.npm.taobao.org/, tarball: https://registry.npmmirror.com/debug/-/debug-4.3.4.tgz}
    name: debug
    version: 4.3.4
    engines: {node: '>=6.0'}
    peerDependencies:
      supports-color: '*'
    peerDependenciesMeta:
      supports-color:
        optional: true
    dependencies:
      ms: registry.npmmirror.com/ms/2.1.2
    dev: true

  registry.npmmirror.com/estree-walker/2.0.2:
    resolution: {integrity: sha512-Rfkk/Mp/DL7JVje3u18FxFujQlTNR2q6QfMSMB7AvCBx91NGj/ba3kCfza0f6dVDbw7YlRf/nDrn7pQrCCyQ/w==, registry: https://registry.npm.taobao.org/, tarball: https://registry.npmmirror.com/estree-walker/-/estree-walker-2.0.2.tgz}
    name: estree-walker
    version: 2.0.2
    dev: true

  registry.npmmirror.com/fs-extra/11.1.0:
    resolution: {integrity: sha512-0rcTq621PD5jM/e0a3EJoGC/1TC5ZBCERW82LQuwfGnCa1V8w7dpYH1yNu+SLb6E5dkeCBzKEyLGlFrnr+dUyw==, registry: https://registry.npm.taobao.org/, tarball: https://registry.npmmirror.com/fs-extra/-/fs-extra-11.1.0.tgz}
    name: fs-extra
    version: 11.1.0
    engines: {node: '>=14.14'}
    dependencies:
      graceful-fs: registry.npmmirror.com/graceful-fs/4.2.11
      jsonfile: registry.npmmirror.com/jsonfile/6.1.0
      universalify: registry.npmmirror.com/universalify/2.0.0
    dev: true

  registry.npmmirror.com/graceful-fs/4.2.11:
    resolution: {integrity: sha512-RbJ5/jmFcNNCcDV5o9eTnBLJ/HszWV0P73bc+Ff4nS/rJj+YaS6IGyiOL0VoBYX+l1Wrl3k63h/KrH+nhJ0XvQ==, registry: https://registry.npm.taobao.org/, tarball: https://registry.npmmirror.com/graceful-fs/-/graceful-fs-4.2.11.tgz}
    name: graceful-fs
    version: 4.2.11
    dev: true

  registry.npmmirror.com/js-tokens/4.0.0:
    resolution: {integrity: sha512-RdJUflcE3cUzKiMqQgsCu06FPu9UdIJO0beYbPhHN4k6apgJtifcoCtT9bcxOpYBtpD2kCM6Sbzg4CausW/PKQ==, registry: https://registry.npm.taobao.org/, tarball: https://registry.npmmirror.com/js-tokens/-/js-tokens-4.0.0.tgz}
    name: js-tokens
    version: 4.0.0
    dev: false

  registry.npmmirror.com/jsonfile/6.1.0:
    resolution: {integrity: sha512-5dgndWOriYSm5cnYaJNhalLNDKOqFwyDB/rr1E9ZsGciGvKPs8R2xYGCacuf3z6K1YKDz182fd+fY3cn3pMqXQ==, registry: https://registry.npm.taobao.org/, tarball: https://registry.npmmirror.com/jsonfile/-/jsonfile-6.1.0.tgz}
    name: jsonfile
    version: 6.1.0
    dependencies:
      universalify: registry.npmmirror.com/universalify/2.0.0
    optionalDependencies:
      graceful-fs: registry.npmmirror.com/graceful-fs/4.2.11
    dev: true

  registry.npmmirror.com/kolorist/1.7.0:
    resolution: {integrity: sha512-ymToLHqL02udwVdbkowNpzjFd6UzozMtshPQKVi5k1EjKRqKqBrOnE9QbLEb0/pV76SAiIT13hdL8R6suc+f3g==, registry: https://registry.npm.taobao.org/, tarball: https://registry.npmmirror.com/kolorist/-/kolorist-1.7.0.tgz}
    name: kolorist
    version: 1.7.0
    dev: true

  registry.npmmirror.com/loose-envify/1.4.0:
    resolution: {integrity: sha512-lyuxPGr/Wfhrlem2CL/UcnUc1zcqKAImBDzukY7Y5F/yQiNdko6+fRLevlw1HgMySw7f611UIY408EtxRSoK3Q==, registry: https://registry.npm.taobao.org/, tarball: https://registry.npmmirror.com/loose-envify/-/loose-envify-1.4.0.tgz}
    name: loose-envify
    version: 1.4.0
    hasBin: true
    dependencies:
      js-tokens: registry.npmmirror.com/js-tokens/4.0.0
    dev: false

  registry.npmmirror.com/mrmime/1.0.1:
    resolution: {integrity: sha512-hzzEagAgDyoU1Q6yg5uI+AorQgdvMCur3FcKf7NhMKWsaYg+RnbTyHRa/9IlLF9rf455MOCtcqqrQQ83pPP7Uw==, registry: https://registry.npm.taobao.org/, tarball: https://registry.npmmirror.com/mrmime/-/mrmime-1.0.1.tgz}
    name: mrmime
    version: 1.0.1
    engines: {node: '>=10'}
    dev: true

  registry.npmmirror.com/ms/2.1.2:
    resolution: {integrity: sha512-sGkPx+VjMtmA6MX27oA4FBFELFCZZ4S4XqeGOXCv68tT+jb3vk/RyaKWP0PTKyWtmLSM0b+adUTEvbs1PEaH2w==, registry: https://registry.npm.taobao.org/, tarball: https://registry.npmmirror.com/ms/-/ms-2.1.2.tgz}
    name: ms
    version: 2.1.2
    dev: true

  registry.npmmirror.com/picomatch/2.3.1:
    resolution: {integrity: sha512-JU3teHTNjmE2VCGFzuY8EXzCDVwEqB2a8fsIvwaStHhAWJEeVd1o1QD80CU6+ZdEXXSLbSsuLwJjkCBWqRQUVA==, registry: https://registry.npm.taobao.org/, tarball: https://registry.npmmirror.com/picomatch/-/picomatch-2.3.1.tgz}
    name: picomatch
    version: 2.3.1
    engines: {node: '>=8.6'}
    dev: true

  registry.npmmirror.com/react-dom/18.2.0_react@18.2.0:
    resolution: {integrity: sha512-6IMTriUmvsjHUjNtEDudZfuDQUoWXVxKHhlEGSk81n4YFS+r/Kl99wXiwlVXtPBtJenozv2P+hxDsw9eA7Xo6g==, registry: https://registry.npm.taobao.org/, tarball: https://registry.npmmirror.com/react-dom/-/react-dom-18.2.0.tgz}
    id: registry.npmmirror.com/react-dom/18.2.0
    name: react-dom
    version: 18.2.0
    peerDependencies:
      react: ^18.2.0
    dependencies:
      loose-envify: registry.npmmirror.com/loose-envify/1.4.0
      react: registry.npmmirror.com/react/18.2.0
      scheduler: registry.npmmirror.com/scheduler/0.23.0
    dev: false

  registry.npmmirror.com/react/18.2.0:
    resolution: {integrity: sha512-/3IjMdb2L9QbBdWiW5e3P2/npwMBaU9mHCSCUzNln0ZCYbcfTsGbTJrU/kGemdH2IWmB2ioZ+zkxtmq6g09fGQ==, registry: https://registry.npm.taobao.org/, tarball: https://registry.npmmirror.com/react/-/react-18.2.0.tgz}
    name: react
    version: 18.2.0
    engines: {node: '>=0.10.0'}
    dependencies:
      loose-envify: registry.npmmirror.com/loose-envify/1.4.0
    dev: false

  registry.npmmirror.com/scheduler/0.23.0:
    resolution: {integrity: sha512-CtuThmgHNg7zIZWAXi3AsyIzA3n4xx7aNyjwC2VJldO2LMVDhFK+63xGqq6CsJH4rTAt6/M+N4GhZiDYPx9eUw==, registry: https://registry.npm.taobao.org/, tarball: https://registry.npmmirror.com/scheduler/-/scheduler-0.23.0.tgz}
    name: scheduler
    version: 0.23.0
    dependencies:
      loose-envify: registry.npmmirror.com/loose-envify/1.4.0
    dev: false

  registry.npmmirror.com/sirv/2.0.2:
    resolution: {integrity: sha512-4Qog6aE29nIjAOKe/wowFTxOdmbEZKb+3tsLljaBRzJwtqto0BChD2zzH0LhgCSXiI+V7X+Y45v14wBZQ1TK3w==, registry: https://registry.npm.taobao.org/, tarball: https://registry.npmmirror.com/sirv/-/sirv-2.0.2.tgz}
    name: sirv
    version: 2.0.2
    engines: {node: '>= 10'}
    dependencies:
      '@polka/url': registry.npmmirror.com/@polka/url/1.0.0-next.21
      mrmime: registry.npmmirror.com/mrmime/1.0.1
      totalist: registry.npmmirror.com/totalist/3.0.0
    dev: true

  registry.npmmirror.com/totalist/3.0.0:
    resolution: {integrity: sha512-eM+pCBxXO/njtF7vdFsHuqb+ElbxqtI4r5EAvk6grfAFyJ6IvWlSkfZ5T9ozC6xWw3Fj1fGoSmrl0gUs46JVIw==, registry: https://registry.npm.taobao.org/, tarball: https://registry.npmmirror.com/totalist/-/totalist-3.0.0.tgz}
    name: totalist
    version: 3.0.0
    engines: {node: '>=6'}
    dev: true

  registry.npmmirror.com/typescript/4.9.5:
    resolution: {integrity: sha512-1FXk9E2Hm+QzZQ7z+McJiHL4NW1F2EzMu9Nq9i3zAaGqibafqYwCVU6WyWAuyQRRzOlxou8xZSyXLEN8oKj24g==, registry: https://registry.npm.taobao.org/, tarball: https://registry.npmmirror.com/typescript/-/typescript-4.9.5.tgz}
    name: typescript
    version: 4.9.5
    engines: {node: '>=4.2.0'}
    hasBin: true
    dev: true

  registry.npmmirror.com/ufo/1.1.1:
    resolution: {integrity: sha512-MvlCc4GHrmZdAllBc0iUDowff36Q9Ndw/UzqmEKyrfSzokTd9ZCy1i+IIk5hrYKkjoYVQyNbrw7/F8XJ2rEwTg==, registry: https://registry.npm.taobao.org/, tarball: https://registry.npmmirror.com/ufo/-/ufo-1.1.1.tgz}
    name: ufo
    version: 1.1.1
    dev: true

  registry.npmmirror.com/universalify/2.0.0:
    resolution: {integrity: sha512-hAZsKq7Yy11Zu1DE0OzWjw7nnLZmJZYTDZZyEFHZdUhV8FkH5MCfoU1XMaxXovpyW5nq5scPqq0ZDP9Zyl04oQ==, registry: https://registry.npm.taobao.org/, tarball: https://registry.npmmirror.com/universalify/-/universalify-2.0.0.tgz}
    name: universalify
    version: 2.0.0
    engines: {node: '>= 10.0.0'}
    dev: true

  registry.npmmirror.com/vite-plugin-inspect/0.7.17_vite@node_modules+vite:
    resolution: {integrity: sha512-0z33Z7ap6DOzOO3iulGROWZq9oUbarmMKHtdVbCMJ3OL0JOd8UvEqnTazU/2Y8Y2WpOyaZuEV6USJ9KHoZ7f+A==, registry: https://registry.npm.taobao.org/, tarball: https://registry.npmmirror.com/vite-plugin-inspect/-/vite-plugin-inspect-0.7.17.tgz}
    id: registry.npmmirror.com/vite-plugin-inspect/0.7.17
    name: vite-plugin-inspect
    version: 0.7.17
    engines: {node: '>=14'}
    peerDependencies:
      vite: ^3.1.0 || ^4.0.0
    dependencies:
      '@antfu/utils': registry.npmmirror.com/@antfu/utils/0.7.2
      '@rollup/pluginutils': registry.npmmirror.com/@rollup/pluginutils/5.0.2
      debug: registry.npmmirror.com/debug/4.3.4
      fs-extra: registry.npmmirror.com/fs-extra/11.1.0
      kolorist: registry.npmmirror.com/kolorist/1.7.0
      sirv: registry.npmmirror.com/sirv/2.0.2
      ufo: registry.npmmirror.com/ufo/1.1.1
      vite: link:../node_modules/vite
    transitivePeerDependencies:
      - rollup
      - supports-color
    dev: true
