lockfileVersion: 5.4

specifiers:
  chore: ^0.1.0

devDependencies:
  chore: 0.1.0

packages:

  /chore/0.1.0:
    resolution: {integrity: sha512-5y3L8hRdppjYIsE+nDKge4spuSlUNKUHPZV52ASll9QWsXnnbosC+SLSCLJi6Yfh5diDbuJGJjw/2t9bqL2N8Q==}
    dependencies:
      dom.ready: github.com/popeindustries/dom.ready/42b39fb47891f14627e3ccd7a3f1051c27fefdeb
      env.platform: github.com/popeindustries/env.platform/497b26f502ff70b0c5f5c2d54d1e2dfc2cfdd7be
      simple-browser-require: 1.0.0
    dev: true

  /simple-browser-require/1.0.0:
    resolution: {integrity: sha512-GyNrj+EME9U6bO28iMISuM5INKMUprcauNsHpo7moBiKvY7L4p+QNeoTfVxQDjE7urNLTBIs5rlfin7xfCfT9g==}
    deprecated: This package is no longer maintained
    dev: true

  github.com/popeindustries/dom.ready/42b39fb47891f14627e3ccd7a3f1051c27fefdeb:
    resolution: {commit: 42b39fb47891f14627e3ccd7a3f1051c27fefdeb, repo: git+ssh://git@github.com/popeindustries/dom.ready.git, type: git}
    name: dom.ready
    version: 0.0.1
    dev: true

  github.com/popeindustries/env.platform/497b26f502ff70b0c5f5c2d54d1e2dfc2cfdd7be:
    resolution: {commit: 497b26f502ff70b0c5f5c2d54d1e2dfc2cfdd7be, repo: git+ssh://git@github.com/popeindustries/env.platform.git, type: git}
    name: env.platform
    version: 0.0.1
    dev: true
